// !$*UTF8*$!
{
	archiveVersion = 1;
	classes = {
	};
	objectVersion = 48;
	objects = {

/* Begin PBXBuildFile section */
		A402498623CC6F020012618E /* DataStoreTests.swift in Sources */ = {isa = PBXBuildFile; fileRef = A402498523CC6F020012618E /* DataStoreTests.swift */; };
		A402498823CC6F8D0012618E /* TestHelper.swift in Sources */ = {isa = PBXBuildFile; fileRef = A402498723CC6F8D0012618E /* TestHelper.swift */; };
		A413F19323D7AD83007BDE30 /* Characteristic.swift in Sources */ = {isa = PBXBuildFile; fileRef = A413F19223D7AD83007BDE30 /* Characteristic.swift */; };
		A4175590240BB11E00F95437 /* UserDefaults+.swift in Sources */ = {isa = PBXBuildFile; fileRef = A417558F240BB11E00F95437 /* UserDefaults+.swift */; };
		A4175591240BB11E00F95437 /* UserDefaults+.swift in Sources */ = {isa = PBXBuildFile; fileRef = A417558F240BB11E00F95437 /* UserDefaults+.swift */; };
		A4175593240BB32E00F95437 /* Constants.swift in Sources */ = {isa = PBXBuildFile; fileRef = A4175592240BB32E00F95437 /* Constants.swift */; };
		A4175594240BB32E00F95437 /* Constants.swift in Sources */ = {isa = PBXBuildFile; fileRef = A4175592240BB32E00F95437 /* Constants.swift */; };
		A435044123C8813600C6AD1C /* BluetoothThingManagerTests.swift in Sources */ = {isa = PBXBuildFile; fileRef = A435044023C8813600C6AD1C /* BluetoothThingManagerTests.swift */; };
		A435044823C935B800C6AD1C /* BluetoothHelper.swift in Sources */ = {isa = PBXBuildFile; fileRef = A435044723C935B800C6AD1C /* BluetoothHelper.swift */; };
		A435044B23C9439800C6AD1C /* CoreBluetoothMock.swift in Sources */ = {isa = PBXBuildFile; fileRef = A435044A23C9439800C6AD1C /* CoreBluetoothMock.swift */; };
		A435044D23C9971300C6AD1C /* CBCentralManagerMock.swift in Sources */ = {isa = PBXBuildFile; fileRef = A435044C23C9971300C6AD1C /* CBCentralManagerMock.swift */; };
		A435045823CA77C000C6AD1C /* Subscription.swift in Sources */ = {isa = PBXBuildFile; fileRef = A435044523C9330300C6AD1C /* Subscription.swift */; };
		A4411AF123CD5682000C7E11 /* SubscriptionTests.swift in Sources */ = {isa = PBXBuildFile; fileRef = A4411AF023CD5682000C7E11 /* SubscriptionTests.swift */; };
		A4553C6523C5D99000C49AC2 /* BluetoothThing.framework in Frameworks */ = {isa = PBXBuildFile; fileRef = A4553C5B23C5D99000C49AC2 /* BluetoothThing.framework */; };
		A4553C6C23C5D99100C49AC2 /* BluetoothThing.h in Headers */ = {isa = PBXBuildFile; fileRef = A4553C5E23C5D99000C49AC2 /* BluetoothThing.h */; settings = {ATTRIBUTES = (Public, ); }; };
		A4553C9A23C5DDA300C49AC2 /* BluetoothThingManager.swift in Sources */ = {isa = PBXBuildFile; fileRef = A4553C9923C5DDA300C49AC2 /* BluetoothThingManager.swift */; };
		A45F184923DA8487004C5A52 /* BluetoothThingWatch.h in Headers */ = {isa = PBXBuildFile; fileRef = A45F184723DA8487004C5A52 /* BluetoothThingWatch.h */; settings = {ATTRIBUTES = (Public, ); }; };
		A45F184E23DA84B5004C5A52 /* BluetoothThing.swift in Sources */ = {isa = PBXBuildFile; fileRef = A4AB9E6523C684A200327FE5 /* BluetoothThing.swift */; };
		A45F184F23DA84B5004C5A52 /* GeocoderProtocol.swift in Sources */ = {isa = PBXBuildFile; fileRef = A49E466323CC211C0065B96C /* GeocoderProtocol.swift */; };
		A45F185023DA84B5004C5A52 /* Location.swift in Sources */ = {isa = PBXBuildFile; fileRef = A4AB9E6823C68A4900327FE5 /* Location.swift */; };
		A45F185123DA84B5004C5A52 /* ConnectionState.swift in Sources */ = {isa = PBXBuildFile; fileRef = A4AB9E6B23C68C2C00327FE5 /* ConnectionState.swift */; };
		A45F185223DA84B5004C5A52 /* Subscription.swift in Sources */ = {isa = PBXBuildFile; fileRef = A435044523C9330300C6AD1C /* Subscription.swift */; };
		A45F185323DA84B5004C5A52 /* Characteristic.swift in Sources */ = {isa = PBXBuildFile; fileRef = A413F19223D7AD83007BDE30 /* Characteristic.swift */; };
		A45F185423DA84B5004C5A52 /* BluetoothThingRequest.swift in Sources */ = {isa = PBXBuildFile; fileRef = A492983C23D5216000889E2B /* BluetoothThingRequest.swift */; };
		A45F185523DA84BF004C5A52 /* BluetoothHelper.swift in Sources */ = {isa = PBXBuildFile; fileRef = A435044723C935B800C6AD1C /* BluetoothHelper.swift */; };
		A45F185723DA84C6004C5A52 /* BluetoothThingManagerDelegate.swift in Sources */ = {isa = PBXBuildFile; fileRef = A4BFCA5E23C6B9D5000DE817 /* BluetoothThingManagerDelegate.swift */; };
		A45F185923DA8987004C5A52 /* BluetoothThingManager.swift in Sources */ = {isa = PBXBuildFile; fileRef = A4553C9923C5DDA300C49AC2 /* BluetoothThingManager.swift */; };
		A45F185B23DA8BC7004C5A52 /* DataStoreProtocol.swift in Sources */ = {isa = PBXBuildFile; fileRef = A45F185A23DA8BC7004C5A52 /* DataStoreProtocol.swift */; };
		A45F185C23DA8BC7004C5A52 /* DataStoreProtocol.swift in Sources */ = {isa = PBXBuildFile; fileRef = A45F185A23DA8BC7004C5A52 /* DataStoreProtocol.swift */; };
		A45F185D23DA8C42004C5A52 /* DataStore.swift in Sources */ = {isa = PBXBuildFile; fileRef = A4AB9E7123C68F8200327FE5 /* DataStore.swift */; };
		A482DB8423DF92EC009AB51A /* Data+.swift in Sources */ = {isa = PBXBuildFile; fileRef = A482DB8323DF92EC009AB51A /* Data+.swift */; };
		A482DB8523DF958B009AB51A /* Data+.swift in Sources */ = {isa = PBXBuildFile; fileRef = A482DB8323DF92EC009AB51A /* Data+.swift */; };
		A492983D23D5216000889E2B /* BluetoothThingRequest.swift in Sources */ = {isa = PBXBuildFile; fileRef = A492983C23D5216000889E2B /* BluetoothThingRequest.swift */; };
		A49E465E23CBC6AF0065B96C /* DataStoreMock.swift in Sources */ = {isa = PBXBuildFile; fileRef = A49E465D23CBC6AF0065B96C /* DataStoreMock.swift */; };
		A49E466023CC11610065B96C /* CLLocationManagerMock.swift in Sources */ = {isa = PBXBuildFile; fileRef = A49E465F23CC11610065B96C /* CLLocationManagerMock.swift */; };
		A49E466223CC19DC0065B96C /* CLGeocoderMock.swift in Sources */ = {isa = PBXBuildFile; fileRef = A49E466123CC19DC0065B96C /* CLGeocoderMock.swift */; };
		A49E466423CC211C0065B96C /* GeocoderProtocol.swift in Sources */ = {isa = PBXBuildFile; fileRef = A49E466323CC211C0065B96C /* GeocoderProtocol.swift */; };
		A49E466623CC41A90065B96C /* LocationTests.swift in Sources */ = {isa = PBXBuildFile; fileRef = A49E466523CC41A90065B96C /* LocationTests.swift */; };
		A49E466823CC41D50065B96C /* ConnectionStateTests.swift in Sources */ = {isa = PBXBuildFile; fileRef = A49E466723CC41D50065B96C /* ConnectionStateTests.swift */; };
		A4A16EAB2407CA6F002358FF /* BTModel.xcdatamodeld in Sources */ = {isa = PBXBuildFile; fileRef = A4A16EA92407CA6F002358FF /* BTModel.xcdatamodeld */; };
		A4A16EAC2407CA8C002358FF /* BTModel.xcdatamodeld in Sources */ = {isa = PBXBuildFile; fileRef = A4A16EA92407CA6F002358FF /* BTModel.xcdatamodeld */; };
		A4AB9E6623C684A200327FE5 /* BluetoothThing.swift in Sources */ = {isa = PBXBuildFile; fileRef = A4AB9E6523C684A200327FE5 /* BluetoothThing.swift */; };
		A4AB9E6923C68A4900327FE5 /* Location.swift in Sources */ = {isa = PBXBuildFile; fileRef = A4AB9E6823C68A4900327FE5 /* Location.swift */; };
		A4AB9E6C23C68C2C00327FE5 /* ConnectionState.swift in Sources */ = {isa = PBXBuildFile; fileRef = A4AB9E6B23C68C2C00327FE5 /* ConnectionState.swift */; };
		A4AB9E7223C68F8200327FE5 /* DataStore.swift in Sources */ = {isa = PBXBuildFile; fileRef = A4AB9E7123C68F8200327FE5 /* DataStore.swift */; };
		A4B37BED23D307C300A23E1F /* PersistentStoreMock.swift in Sources */ = {isa = PBXBuildFile; fileRef = A4B37BEC23D307C300A23E1F /* PersistentStoreMock.swift */; };
		A4B4D455240614580017614E /* CoreData.framework in Frameworks */ = {isa = PBXBuildFile; fileRef = A4B4D454240614580017614E /* CoreData.framework */; };
		A4B4D457240614620017614E /* CoreData.framework in Frameworks */ = {isa = PBXBuildFile; fileRef = A4B4D456240614620017614E /* CoreData.framework */; };
		A4B4D46124061A080017614E /* CoreDataStore.swift in Sources */ = {isa = PBXBuildFile; fileRef = A4B4D46024061A080017614E /* CoreDataStore.swift */; };
		A4B4D46224061A080017614E /* CoreDataStore.swift in Sources */ = {isa = PBXBuildFile; fileRef = A4B4D46024061A080017614E /* CoreDataStore.swift */; };
		A4BFCA5F23C6B9D5000DE817 /* BluetoothThingManagerDelegate.swift in Sources */ = {isa = PBXBuildFile; fileRef = A4BFCA5E23C6B9D5000DE817 /* BluetoothThingManagerDelegate.swift */; };
		A4D1398E2413871E00B61BA3 /* BluetoothThing+.swift in Sources */ = {isa = PBXBuildFile; fileRef = A4D1398D2413871E00B61BA3 /* BluetoothThing+.swift */; };
		A4D7092F240E4983003E95A8 /* CoreDataStoreTests.swift in Sources */ = {isa = PBXBuildFile; fileRef = A4D7092E240E4983003E95A8 /* CoreDataStoreTests.swift */; };
		A4F86D0A2412266500AF9621 /* BTPeripheral+.swift in Sources */ = {isa = PBXBuildFile; fileRef = A4F86D092412266500AF9621 /* BTPeripheral+.swift */; };
		A4F86D0B2412266500AF9621 /* BTPeripheral+.swift in Sources */ = {isa = PBXBuildFile; fileRef = A4F86D092412266500AF9621 /* BTPeripheral+.swift */; };
/* End PBXBuildFile section */

/* Begin PBXContainerItemProxy section */
		A4553C6623C5D99000C49AC2 /* PBXContainerItemProxy */ = {
			isa = PBXContainerItemProxy;
			containerPortal = A4553C5223C5D99000C49AC2 /* Project object */;
			proxyType = 1;
			remoteGlobalIDString = A4553C5A23C5D99000C49AC2;
			remoteInfo = BluetoothThing;
		};
/* End PBXContainerItemProxy section */

/* Begin PBXFileReference section */
		A402498523CC6F020012618E /* DataStoreTests.swift */ = {isa = PBXFileReference; lastKnownFileType = sourcecode.swift; path = DataStoreTests.swift; sourceTree = "<group>"; };
		A402498723CC6F8D0012618E /* TestHelper.swift */ = {isa = PBXFileReference; lastKnownFileType = sourcecode.swift; path = TestHelper.swift; sourceTree = "<group>"; };
		A413F19223D7AD83007BDE30 /* Characteristic.swift */ = {isa = PBXFileReference; lastKnownFileType = sourcecode.swift; path = Characteristic.swift; sourceTree = "<group>"; };
		A417558F240BB11E00F95437 /* UserDefaults+.swift */ = {isa = PBXFileReference; lastKnownFileType = sourcecode.swift; path = "UserDefaults+.swift"; sourceTree = "<group>"; };
		A4175592240BB32E00F95437 /* Constants.swift */ = {isa = PBXFileReference; lastKnownFileType = sourcecode.swift; path = Constants.swift; sourceTree = "<group>"; };
		A435044023C8813600C6AD1C /* BluetoothThingManagerTests.swift */ = {isa = PBXFileReference; lastKnownFileType = sourcecode.swift; path = BluetoothThingManagerTests.swift; sourceTree = "<group>"; };
		A435044523C9330300C6AD1C /* Subscription.swift */ = {isa = PBXFileReference; lastKnownFileType = sourcecode.swift; path = Subscription.swift; sourceTree = "<group>"; };
		A435044723C935B800C6AD1C /* BluetoothHelper.swift */ = {isa = PBXFileReference; lastKnownFileType = sourcecode.swift; path = BluetoothHelper.swift; sourceTree = "<group>"; };
		A435044A23C9439800C6AD1C /* CoreBluetoothMock.swift */ = {isa = PBXFileReference; lastKnownFileType = sourcecode.swift; path = CoreBluetoothMock.swift; sourceTree = "<group>"; };
		A435044C23C9971300C6AD1C /* CBCentralManagerMock.swift */ = {isa = PBXFileReference; lastKnownFileType = sourcecode.swift; path = CBCentralManagerMock.swift; sourceTree = "<group>"; };
		A4411AF023CD5682000C7E11 /* SubscriptionTests.swift */ = {isa = PBXFileReference; lastKnownFileType = sourcecode.swift; path = SubscriptionTests.swift; sourceTree = "<group>"; };
		A4553C5B23C5D99000C49AC2 /* BluetoothThing.framework */ = {isa = PBXFileReference; explicitFileType = wrapper.framework; includeInIndex = 0; path = BluetoothThing.framework; sourceTree = BUILT_PRODUCTS_DIR; };
		A4553C5E23C5D99000C49AC2 /* BluetoothThing.h */ = {isa = PBXFileReference; lastKnownFileType = sourcecode.c.h; path = BluetoothThing.h; sourceTree = "<group>"; };
		A4553C5F23C5D99000C49AC2 /* Info.plist */ = {isa = PBXFileReference; lastKnownFileType = text.plist.xml; path = Info.plist; sourceTree = "<group>"; };
		A4553C6423C5D99000C49AC2 /* BluetoothThingTests.xctest */ = {isa = PBXFileReference; explicitFileType = wrapper.cfbundle; includeInIndex = 0; path = BluetoothThingTests.xctest; sourceTree = BUILT_PRODUCTS_DIR; };
		A4553C6B23C5D99100C49AC2 /* Info.plist */ = {isa = PBXFileReference; lastKnownFileType = text.plist.xml; path = Info.plist; sourceTree = "<group>"; };
		A4553C9923C5DDA300C49AC2 /* BluetoothThingManager.swift */ = {isa = PBXFileReference; lastKnownFileType = sourcecode.swift; path = BluetoothThingManager.swift; sourceTree = "<group>"; };
		A45F184523DA8487004C5A52 /* BluetoothThing.framework */ = {isa = PBXFileReference; explicitFileType = wrapper.framework; includeInIndex = 0; path = BluetoothThing.framework; sourceTree = BUILT_PRODUCTS_DIR; };
		A45F184723DA8487004C5A52 /* BluetoothThingWatch.h */ = {isa = PBXFileReference; lastKnownFileType = sourcecode.c.h; path = BluetoothThingWatch.h; sourceTree = "<group>"; };
		A45F184823DA8487004C5A52 /* Info.plist */ = {isa = PBXFileReference; lastKnownFileType = text.plist.xml; path = Info.plist; sourceTree = "<group>"; };
		A45F185A23DA8BC7004C5A52 /* DataStoreProtocol.swift */ = {isa = PBXFileReference; lastKnownFileType = sourcecode.swift; path = DataStoreProtocol.swift; sourceTree = "<group>"; };
		A482DB8323DF92EC009AB51A /* Data+.swift */ = {isa = PBXFileReference; lastKnownFileType = sourcecode.swift; path = "Data+.swift"; sourceTree = "<group>"; };
		A492983C23D5216000889E2B /* BluetoothThingRequest.swift */ = {isa = PBXFileReference; lastKnownFileType = sourcecode.swift; path = BluetoothThingRequest.swift; sourceTree = "<group>"; };
		A49E465D23CBC6AF0065B96C /* DataStoreMock.swift */ = {isa = PBXFileReference; lastKnownFileType = sourcecode.swift; path = DataStoreMock.swift; sourceTree = "<group>"; };
		A49E465F23CC11610065B96C /* CLLocationManagerMock.swift */ = {isa = PBXFileReference; lastKnownFileType = sourcecode.swift; path = CLLocationManagerMock.swift; sourceTree = "<group>"; };
		A49E466123CC19DC0065B96C /* CLGeocoderMock.swift */ = {isa = PBXFileReference; lastKnownFileType = sourcecode.swift; path = CLGeocoderMock.swift; sourceTree = "<group>"; };
		A49E466323CC211C0065B96C /* GeocoderProtocol.swift */ = {isa = PBXFileReference; lastKnownFileType = sourcecode.swift; path = GeocoderProtocol.swift; sourceTree = "<group>"; };
		A49E466523CC41A90065B96C /* LocationTests.swift */ = {isa = PBXFileReference; lastKnownFileType = sourcecode.swift; path = LocationTests.swift; sourceTree = "<group>"; };
		A49E466723CC41D50065B96C /* ConnectionStateTests.swift */ = {isa = PBXFileReference; lastKnownFileType = sourcecode.swift; path = ConnectionStateTests.swift; sourceTree = "<group>"; };
		A4A16EAA2407CA6F002358FF /* Model.xcdatamodel */ = {isa = PBXFileReference; lastKnownFileType = wrapper.xcdatamodel; path = Model.xcdatamodel; sourceTree = "<group>"; };
		A4AB9E6523C684A200327FE5 /* BluetoothThing.swift */ = {isa = PBXFileReference; lastKnownFileType = sourcecode.swift; path = BluetoothThing.swift; sourceTree = "<group>"; };
		A4AB9E6823C68A4900327FE5 /* Location.swift */ = {isa = PBXFileReference; lastKnownFileType = sourcecode.swift; path = Location.swift; sourceTree = "<group>"; };
		A4AB9E6B23C68C2C00327FE5 /* ConnectionState.swift */ = {isa = PBXFileReference; lastKnownFileType = sourcecode.swift; path = ConnectionState.swift; sourceTree = "<group>"; };
		A4AB9E7123C68F8200327FE5 /* DataStore.swift */ = {isa = PBXFileReference; lastKnownFileType = sourcecode.swift; path = DataStore.swift; sourceTree = "<group>"; };
		A4B37BEC23D307C300A23E1F /* PersistentStoreMock.swift */ = {isa = PBXFileReference; lastKnownFileType = sourcecode.swift; path = PersistentStoreMock.swift; sourceTree = "<group>"; };
		A4B4D454240614580017614E /* CoreData.framework */ = {isa = PBXFileReference; lastKnownFileType = wrapper.framework; name = CoreData.framework; path = Platforms/MacOSX.platform/Developer/SDKs/MacOSX10.15.sdk/System/Library/Frameworks/CoreData.framework; sourceTree = DEVELOPER_DIR; };
		A4B4D456240614620017614E /* CoreData.framework */ = {isa = PBXFileReference; lastKnownFileType = wrapper.framework; name = CoreData.framework; path = Platforms/WatchOS.platform/Developer/SDKs/WatchOS6.1.sdk/System/Library/Frameworks/CoreData.framework; sourceTree = DEVELOPER_DIR; };
		A4B4D46024061A080017614E /* CoreDataStore.swift */ = {isa = PBXFileReference; lastKnownFileType = sourcecode.swift; path = CoreDataStore.swift; sourceTree = "<group>"; };
		A4BFCA5E23C6B9D5000DE817 /* BluetoothThingManagerDelegate.swift */ = {isa = PBXFileReference; lastKnownFileType = sourcecode.swift; path = BluetoothThingManagerDelegate.swift; sourceTree = "<group>"; };
		A4D1398D2413871E00B61BA3 /* BluetoothThing+.swift */ = {isa = PBXFileReference; lastKnownFileType = sourcecode.swift; path = "BluetoothThing+.swift"; sourceTree = "<group>"; };
		A4D7092E240E4983003E95A8 /* CoreDataStoreTests.swift */ = {isa = PBXFileReference; lastKnownFileType = sourcecode.swift; path = CoreDataStoreTests.swift; sourceTree = "<group>"; };
		A4F86D092412266500AF9621 /* BTPeripheral+.swift */ = {isa = PBXFileReference; lastKnownFileType = sourcecode.swift; path = "BTPeripheral+.swift"; sourceTree = "<group>"; };
/* End PBXFileReference section */

/* Begin PBXFrameworksBuildPhase section */
		A4553C5723C5D99000C49AC2 /* Frameworks */ = {
			isa = PBXFrameworksBuildPhase;
			buildActionMask = 2147483647;
			files = (
				A4B4D455240614580017614E /* CoreData.framework in Frameworks */,
			);
			runOnlyForDeploymentPostprocessing = 0;
		};
		A4553C6123C5D99000C49AC2 /* Frameworks */ = {
			isa = PBXFrameworksBuildPhase;
			buildActionMask = 2147483647;
			files = (
				A4553C6523C5D99000C49AC2 /* BluetoothThing.framework in Frameworks */,
			);
			runOnlyForDeploymentPostprocessing = 0;
		};
		A45F184223DA8487004C5A52 /* Frameworks */ = {
			isa = PBXFrameworksBuildPhase;
			buildActionMask = 2147483647;
			files = (
				A4B4D457240614620017614E /* CoreData.framework in Frameworks */,
			);
			runOnlyForDeploymentPostprocessing = 0;
		};
/* End PBXFrameworksBuildPhase section */

/* Begin PBXGroup section */
		A435044923C9437900C6AD1C /* Mocks */ = {
			isa = PBXGroup;
			children = (
				A435044A23C9439800C6AD1C /* CoreBluetoothMock.swift */,
				A435044C23C9971300C6AD1C /* CBCentralManagerMock.swift */,
				A49E465F23CC11610065B96C /* CLLocationManagerMock.swift */,
				A49E466123CC19DC0065B96C /* CLGeocoderMock.swift */,
				A49E465D23CBC6AF0065B96C /* DataStoreMock.swift */,
				A4B37BEC23D307C300A23E1F /* PersistentStoreMock.swift */,
				A4D1398D2413871E00B61BA3 /* BluetoothThing+.swift */,
			);
			path = Mocks;
			sourceTree = "<group>";
		};
		A4553C5123C5D99000C49AC2 = {
			isa = PBXGroup;
			children = (
				A4553C5D23C5D99000C49AC2 /* BluetoothThing */,
				A4553C6823C5D99000C49AC2 /* BluetoothThingTests */,
				A45F184623DA8487004C5A52 /* BluetoothThingWatch */,
				A4553C5C23C5D99000C49AC2 /* Products */,
				A4B4D453240614570017614E /* Frameworks */,
			);
			sourceTree = "<group>";
		};
		A4553C5C23C5D99000C49AC2 /* Products */ = {
			isa = PBXGroup;
			children = (
				A4553C5B23C5D99000C49AC2 /* BluetoothThing.framework */,
				A4553C6423C5D99000C49AC2 /* BluetoothThingTests.xctest */,
				A45F184523DA8487004C5A52 /* BluetoothThing.framework */,
			);
			name = Products;
			sourceTree = "<group>";
		};
		A4553C5D23C5D99000C49AC2 /* BluetoothThing */ = {
			isa = PBXGroup;
			children = (
				A4AB9E6A23C68BD300327FE5 /* Models */,
				A4AB9E6423C6830400327FE5 /* Helpers */,
				A4553C9923C5DDA300C49AC2 /* BluetoothThingManager.swift */,
				A4BFCA5E23C6B9D5000DE817 /* BluetoothThingManagerDelegate.swift */,
				A4553C5F23C5D99000C49AC2 /* Info.plist */,
				A4553C5E23C5D99000C49AC2 /* BluetoothThing.h */,
			);
			path = BluetoothThing;
			sourceTree = "<group>";
		};
		A4553C6823C5D99000C49AC2 /* BluetoothThingTests */ = {
			isa = PBXGroup;
			children = (
				A435044923C9437900C6AD1C /* Mocks */,
				A435044023C8813600C6AD1C /* BluetoothThingManagerTests.swift */,
				A49E466523CC41A90065B96C /* LocationTests.swift */,
				A49E466723CC41D50065B96C /* ConnectionStateTests.swift */,
				A402498523CC6F020012618E /* DataStoreTests.swift */,
				A4411AF023CD5682000C7E11 /* SubscriptionTests.swift */,
				A4D7092E240E4983003E95A8 /* CoreDataStoreTests.swift */,
				A4553C6B23C5D99100C49AC2 /* Info.plist */,
				A402498723CC6F8D0012618E /* TestHelper.swift */,
			);
			path = BluetoothThingTests;
			sourceTree = "<group>";
		};
		A45F184623DA8487004C5A52 /* BluetoothThingWatch */ = {
			isa = PBXGroup;
			children = (
				A45F184723DA8487004C5A52 /* BluetoothThingWatch.h */,
				A45F184823DA8487004C5A52 /* Info.plist */,
			);
			path = BluetoothThingWatch;
			sourceTree = "<group>";
		};
		A4A16ECA2408BCB5002358FF /* CoreData */ = {
			isa = PBXGroup;
			children = (
				A4A16EA92407CA6F002358FF /* BTModel.xcdatamodeld */,
				A4B4D46024061A080017614E /* CoreDataStore.swift */,
				A4F86D092412266500AF9621 /* BTPeripheral+.swift */,
			);
			path = CoreData;
			sourceTree = "<group>";
		};
		A4AB9E6423C6830400327FE5 /* Helpers */ = {
			isa = PBXGroup;
			children = (
				A435044723C935B800C6AD1C /* BluetoothHelper.swift */,
				A482DB8323DF92EC009AB51A /* Data+.swift */,
			);
			path = Helpers;
			sourceTree = "<group>";
		};
		A4AB9E6A23C68BD300327FE5 /* Models */ = {
			isa = PBXGroup;
			children = (
				A4A16ECA2408BCB5002358FF /* CoreData */,
				A45F185A23DA8BC7004C5A52 /* DataStoreProtocol.swift */,
				A4AB9E7123C68F8200327FE5 /* DataStore.swift */,
				A417558F240BB11E00F95437 /* UserDefaults+.swift */,
				A4AB9E6523C684A200327FE5 /* BluetoothThing.swift */,
				A49E466323CC211C0065B96C /* GeocoderProtocol.swift */,
				A4AB9E6823C68A4900327FE5 /* Location.swift */,
				A4AB9E6B23C68C2C00327FE5 /* ConnectionState.swift */,
				A435044523C9330300C6AD1C /* Subscription.swift */,
				A413F19223D7AD83007BDE30 /* Characteristic.swift */,
				A492983C23D5216000889E2B /* BluetoothThingRequest.swift */,
				A4175592240BB32E00F95437 /* Constants.swift */,
			);
			path = Models;
			sourceTree = "<group>";
		};
		A4B4D453240614570017614E /* Frameworks */ = {
			isa = PBXGroup;
			children = (
				A4B4D456240614620017614E /* CoreData.framework */,
				A4B4D454240614580017614E /* CoreData.framework */,
			);
			name = Frameworks;
			sourceTree = "<group>";
		};
/* End PBXGroup section */

/* Begin PBXHeadersBuildPhase section */
		A4553C5823C5D99000C49AC2 /* Headers */ = {
			isa = PBXHeadersBuildPhase;
			buildActionMask = 2147483647;
			files = (
				A4553C6C23C5D99100C49AC2 /* BluetoothThing.h in Headers */,
			);
			runOnlyForDeploymentPostprocessing = 0;
		};
		A45F184023DA8487004C5A52 /* Headers */ = {
			isa = PBXHeadersBuildPhase;
			buildActionMask = 2147483647;
			files = (
				A45F184923DA8487004C5A52 /* BluetoothThingWatch.h in Headers */,
			);
			runOnlyForDeploymentPostprocessing = 0;
		};
/* End PBXHeadersBuildPhase section */

/* Begin PBXNativeTarget section */
		A4553C5A23C5D99000C49AC2 /* BluetoothThing */ = {
			isa = PBXNativeTarget;
			buildConfigurationList = A4553C6F23C5D99100C49AC2 /* Build configuration list for PBXNativeTarget "BluetoothThing" */;
			buildPhases = (
				A4553C5623C5D99000C49AC2 /* Sources */,
				A4553C5723C5D99000C49AC2 /* Frameworks */,
				A4553C5823C5D99000C49AC2 /* Headers */,
				A4553C5923C5D99000C49AC2 /* Resources */,
			);
			buildRules = (
			);
			dependencies = (
			);
			name = BluetoothThing;
			productName = BluetoothThing;
			productReference = A4553C5B23C5D99000C49AC2 /* BluetoothThing.framework */;
			productType = "com.apple.product-type.framework";
		};
		A4553C6323C5D99000C49AC2 /* BluetoothThingTests */ = {
			isa = PBXNativeTarget;
			buildConfigurationList = A4553C7223C5D99100C49AC2 /* Build configuration list for PBXNativeTarget "BluetoothThingTests" */;
			buildPhases = (
				A4553C6023C5D99000C49AC2 /* Sources */,
				A4553C6123C5D99000C49AC2 /* Frameworks */,
				A4553C6223C5D99000C49AC2 /* Resources */,
			);
			buildRules = (
			);
			dependencies = (
				A4553C6723C5D99000C49AC2 /* PBXTargetDependency */,
			);
			name = BluetoothThingTests;
			productName = BluetoothThingTests;
			productReference = A4553C6423C5D99000C49AC2 /* BluetoothThingTests.xctest */;
			productType = "com.apple.product-type.bundle.unit-test";
		};
		A45F184423DA8487004C5A52 /* BluetoothThingWatch */ = {
			isa = PBXNativeTarget;
			buildConfigurationList = A45F184A23DA8487004C5A52 /* Build configuration list for PBXNativeTarget "BluetoothThingWatch" */;
			buildPhases = (
				A45F184023DA8487004C5A52 /* Headers */,
				A45F184123DA8487004C5A52 /* Sources */,
				A45F184223DA8487004C5A52 /* Frameworks */,
				A45F184323DA8487004C5A52 /* Resources */,
			);
			buildRules = (
			);
			dependencies = (
			);
			name = BluetoothThingWatch;
			productName = BluetoothThingWatch;
			productReference = A45F184523DA8487004C5A52 /* BluetoothThing.framework */;
			productType = "com.apple.product-type.framework";
		};
/* End PBXNativeTarget section */

/* Begin PBXProject section */
		A4553C5223C5D99000C49AC2 /* Project object */ = {
			isa = PBXProject;
			attributes = {
				LastSwiftUpdateCheck = 0920;
				LastUpgradeCheck = 1130;
				ORGANIZATIONNAME = "Antonio Yip";
				TargetAttributes = {
					A4553C5A23C5D99000C49AC2 = {
						CreatedOnToolsVersion = 9.2;
						LastSwiftMigration = 0920;
						ProvisioningStyle = Automatic;
					};
					A4553C6323C5D99000C49AC2 = {
						CreatedOnToolsVersion = 9.2;
						ProvisioningStyle = Automatic;
					};
					A45F184423DA8487004C5A52 = {
						CreatedOnToolsVersion = 11.3.1;
						ProvisioningStyle = Automatic;
					};
				};
			};
			buildConfigurationList = A4553C5523C5D99000C49AC2 /* Build configuration list for PBXProject "BluetoothThing" */;
			compatibilityVersion = "Xcode 8.0";
			developmentRegion = en;
			hasScannedForEncodings = 0;
			knownRegions = (
				en,
			);
			mainGroup = A4553C5123C5D99000C49AC2;
			productRefGroup = A4553C5C23C5D99000C49AC2 /* Products */;
			projectDirPath = "";
			projectRoot = "";
			targets = (
				A4553C5A23C5D99000C49AC2 /* BluetoothThing */,
				A4553C6323C5D99000C49AC2 /* BluetoothThingTests */,
				A45F184423DA8487004C5A52 /* BluetoothThingWatch */,
			);
		};
/* End PBXProject section */

/* Begin PBXResourcesBuildPhase section */
		A4553C5923C5D99000C49AC2 /* Resources */ = {
			isa = PBXResourcesBuildPhase;
			buildActionMask = 2147483647;
			files = (
			);
			runOnlyForDeploymentPostprocessing = 0;
		};
		A4553C6223C5D99000C49AC2 /* Resources */ = {
			isa = PBXResourcesBuildPhase;
			buildActionMask = 2147483647;
			files = (
			);
			runOnlyForDeploymentPostprocessing = 0;
		};
		A45F184323DA8487004C5A52 /* Resources */ = {
			isa = PBXResourcesBuildPhase;
			buildActionMask = 2147483647;
			files = (
			);
			runOnlyForDeploymentPostprocessing = 0;
		};
/* End PBXResourcesBuildPhase section */

/* Begin PBXSourcesBuildPhase section */
		A4553C5623C5D99000C49AC2 /* Sources */ = {
			isa = PBXSourcesBuildPhase;
			buildActionMask = 2147483647;
			files = (
				A435044823C935B800C6AD1C /* BluetoothHelper.swift in Sources */,
				A4175593240BB32E00F95437 /* Constants.swift in Sources */,
				A413F19323D7AD83007BDE30 /* Characteristic.swift in Sources */,
				A4F86D0A2412266500AF9621 /* BTPeripheral+.swift in Sources */,
				A492983D23D5216000889E2B /* BluetoothThingRequest.swift in Sources */,
				A482DB8423DF92EC009AB51A /* Data+.swift in Sources */,
				A45F185B23DA8BC7004C5A52 /* DataStoreProtocol.swift in Sources */,
				A4AB9E6923C68A4900327FE5 /* Location.swift in Sources */,
				A49E466423CC211C0065B96C /* GeocoderProtocol.swift in Sources */,
				A4553C9A23C5DDA300C49AC2 /* BluetoothThingManager.swift in Sources */,
				A4B4D46124061A080017614E /* CoreDataStore.swift in Sources */,
				A435045823CA77C000C6AD1C /* Subscription.swift in Sources */,
				A4BFCA5F23C6B9D5000DE817 /* BluetoothThingManagerDelegate.swift in Sources */,
				A4AB9E6623C684A200327FE5 /* BluetoothThing.swift in Sources */,
				A4175590240BB11E00F95437 /* UserDefaults+.swift in Sources */,
				A4AB9E7223C68F8200327FE5 /* DataStore.swift in Sources */,
				A4A16EAB2407CA6F002358FF /* BTModel.xcdatamodeld in Sources */,
				A4AB9E6C23C68C2C00327FE5 /* ConnectionState.swift in Sources */,
			);
			runOnlyForDeploymentPostprocessing = 0;
		};
		A4553C6023C5D99000C49AC2 /* Sources */ = {
			isa = PBXSourcesBuildPhase;
			buildActionMask = 2147483647;
			files = (
				A435044D23C9971300C6AD1C /* CBCentralManagerMock.swift in Sources */,
				A402498823CC6F8D0012618E /* TestHelper.swift in Sources */,
				A49E466823CC41D50065B96C /* ConnectionStateTests.swift in Sources */,
				A402498623CC6F020012618E /* DataStoreTests.swift in Sources */,
				A4D7092F240E4983003E95A8 /* CoreDataStoreTests.swift in Sources */,
				A49E466023CC11610065B96C /* CLLocationManagerMock.swift in Sources */,
				A49E466223CC19DC0065B96C /* CLGeocoderMock.swift in Sources */,
				A4B37BED23D307C300A23E1F /* PersistentStoreMock.swift in Sources */,
				A435044123C8813600C6AD1C /* BluetoothThingManagerTests.swift in Sources */,
				A4411AF123CD5682000C7E11 /* SubscriptionTests.swift in Sources */,
				A49E466623CC41A90065B96C /* LocationTests.swift in Sources */,
				A4D1398E2413871E00B61BA3 /* BluetoothThing+.swift in Sources */,
				A435044B23C9439800C6AD1C /* CoreBluetoothMock.swift in Sources */,
				A49E465E23CBC6AF0065B96C /* DataStoreMock.swift in Sources */,
			);
			runOnlyForDeploymentPostprocessing = 0;
		};
		A45F184123DA8487004C5A52 /* Sources */ = {
			isa = PBXSourcesBuildPhase;
			buildActionMask = 2147483647;
			files = (
				A45F185223DA84B5004C5A52 /* Subscription.swift in Sources */,
				A4175594240BB32E00F95437 /* Constants.swift in Sources */,
				A45F185D23DA8C42004C5A52 /* DataStore.swift in Sources */,
				A4F86D0B2412266500AF9621 /* BTPeripheral+.swift in Sources */,
				A45F184F23DA84B5004C5A52 /* GeocoderProtocol.swift in Sources */,
				A482DB8523DF958B009AB51A /* Data+.swift in Sources */,
				A45F185523DA84BF004C5A52 /* BluetoothHelper.swift in Sources */,
				A45F185123DA84B5004C5A52 /* ConnectionState.swift in Sources */,
				A45F185923DA8987004C5A52 /* BluetoothThingManager.swift in Sources */,
				A45F185723DA84C6004C5A52 /* BluetoothThingManagerDelegate.swift in Sources */,
				A4B4D46224061A080017614E /* CoreDataStore.swift in Sources */,
				A45F185023DA84B5004C5A52 /* Location.swift in Sources */,
				A45F185323DA84B5004C5A52 /* Characteristic.swift in Sources */,
				A45F185C23DA8BC7004C5A52 /* DataStoreProtocol.swift in Sources */,
				A4175591240BB11E00F95437 /* UserDefaults+.swift in Sources */,
				A45F184E23DA84B5004C5A52 /* BluetoothThing.swift in Sources */,
				A4A16EAC2407CA8C002358FF /* BTModel.xcdatamodeld in Sources */,
				A45F185423DA84B5004C5A52 /* BluetoothThingRequest.swift in Sources */,
			);
			runOnlyForDeploymentPostprocessing = 0;
		};
/* End PBXSourcesBuildPhase section */

/* Begin PBXTargetDependency section */
		A4553C6723C5D99000C49AC2 /* PBXTargetDependency */ = {
			isa = PBXTargetDependency;
			target = A4553C5A23C5D99000C49AC2 /* BluetoothThing */;
			targetProxy = A4553C6623C5D99000C49AC2 /* PBXContainerItemProxy */;
		};
/* End PBXTargetDependency section */

/* Begin XCBuildConfiguration section */
		A4553C6D23C5D99100C49AC2 /* Debug */ = {
			isa = XCBuildConfiguration;
			buildSettings = {
				ALWAYS_SEARCH_USER_PATHS = NO;
				CLANG_ANALYZER_NONNULL = YES;
				CLANG_ANALYZER_NUMBER_OBJECT_CONVERSION = YES_AGGRESSIVE;
				CLANG_CXX_LANGUAGE_STANDARD = "gnu++14";
				CLANG_CXX_LIBRARY = "libc++";
				CLANG_ENABLE_MODULES = YES;
				CLANG_ENABLE_OBJC_ARC = YES;
				CLANG_WARN_BLOCK_CAPTURE_AUTORELEASING = YES;
				CLANG_WARN_BOOL_CONVERSION = YES;
				CLANG_WARN_COMMA = YES;
				CLANG_WARN_CONSTANT_CONVERSION = YES;
				CLANG_WARN_DEPRECATED_OBJC_IMPLEMENTATIONS = YES;
				CLANG_WARN_DIRECT_OBJC_ISA_USAGE = YES_ERROR;
				CLANG_WARN_DOCUMENTATION_COMMENTS = YES;
				CLANG_WARN_EMPTY_BODY = YES;
				CLANG_WARN_ENUM_CONVERSION = YES;
				CLANG_WARN_INFINITE_RECURSION = YES;
				CLANG_WARN_INT_CONVERSION = YES;
				CLANG_WARN_NON_LITERAL_NULL_CONVERSION = YES;
				CLANG_WARN_OBJC_IMPLICIT_RETAIN_SELF = YES;
				CLANG_WARN_OBJC_LITERAL_CONVERSION = YES;
				CLANG_WARN_OBJC_ROOT_CLASS = YES_ERROR;
				CLANG_WARN_RANGE_LOOP_ANALYSIS = YES;
				CLANG_WARN_STRICT_PROTOTYPES = YES;
				CLANG_WARN_SUSPICIOUS_MOVE = YES;
				CLANG_WARN_UNGUARDED_AVAILABILITY = YES_AGGRESSIVE;
				CLANG_WARN_UNREACHABLE_CODE = YES;
				CLANG_WARN__DUPLICATE_METHOD_MATCH = YES;
				CODE_SIGN_IDENTITY = "iPhone Developer";
				COPY_PHASE_STRIP = NO;
				CURRENT_PROJECT_VERSION = 1;
				DEBUG_INFORMATION_FORMAT = dwarf;
				ENABLE_STRICT_OBJC_MSGSEND = YES;
				ENABLE_TESTABILITY = YES;
				GCC_C_LANGUAGE_STANDARD = gnu11;
				GCC_DYNAMIC_NO_PIC = NO;
				GCC_NO_COMMON_BLOCKS = YES;
				GCC_OPTIMIZATION_LEVEL = 0;
				GCC_PREPROCESSOR_DEFINITIONS = (
					"DEBUG=1",
					"$(inherited)",
				);
				GCC_WARN_64_TO_32_BIT_CONVERSION = YES;
				GCC_WARN_ABOUT_RETURN_TYPE = YES_ERROR;
				GCC_WARN_UNDECLARED_SELECTOR = YES;
				GCC_WARN_UNINITIALIZED_AUTOS = YES_AGGRESSIVE;
				GCC_WARN_UNUSED_FUNCTION = YES;
				GCC_WARN_UNUSED_VARIABLE = YES;
				IPHONEOS_DEPLOYMENT_TARGET = 11.0;
				MTL_ENABLE_DEBUG_INFO = YES;
				ONLY_ACTIVE_ARCH = YES;
				SDKROOT = iphoneos;
				SWIFT_ACTIVE_COMPILATION_CONDITIONS = DEBUG;
				SWIFT_OPTIMIZATION_LEVEL = "-Onone";
				SWIFT_VERSION = 5.0;
				VERSIONING_SYSTEM = "apple-generic";
				VERSION_INFO_PREFIX = "";
			};
			name = Debug;
		};
		A4553C6E23C5D99100C49AC2 /* Release */ = {
			isa = XCBuildConfiguration;
			buildSettings = {
				ALWAYS_SEARCH_USER_PATHS = NO;
				CLANG_ANALYZER_NONNULL = YES;
				CLANG_ANALYZER_NUMBER_OBJECT_CONVERSION = YES_AGGRESSIVE;
				CLANG_CXX_LANGUAGE_STANDARD = "gnu++14";
				CLANG_CXX_LIBRARY = "libc++";
				CLANG_ENABLE_MODULES = YES;
				CLANG_ENABLE_OBJC_ARC = YES;
				CLANG_WARN_BLOCK_CAPTURE_AUTORELEASING = YES;
				CLANG_WARN_BOOL_CONVERSION = YES;
				CLANG_WARN_COMMA = YES;
				CLANG_WARN_CONSTANT_CONVERSION = YES;
				CLANG_WARN_DEPRECATED_OBJC_IMPLEMENTATIONS = YES;
				CLANG_WARN_DIRECT_OBJC_ISA_USAGE = YES_ERROR;
				CLANG_WARN_DOCUMENTATION_COMMENTS = YES;
				CLANG_WARN_EMPTY_BODY = YES;
				CLANG_WARN_ENUM_CONVERSION = YES;
				CLANG_WARN_INFINITE_RECURSION = YES;
				CLANG_WARN_INT_CONVERSION = YES;
				CLANG_WARN_NON_LITERAL_NULL_CONVERSION = YES;
				CLANG_WARN_OBJC_IMPLICIT_RETAIN_SELF = YES;
				CLANG_WARN_OBJC_LITERAL_CONVERSION = YES;
				CLANG_WARN_OBJC_ROOT_CLASS = YES_ERROR;
				CLANG_WARN_RANGE_LOOP_ANALYSIS = YES;
				CLANG_WARN_STRICT_PROTOTYPES = YES;
				CLANG_WARN_SUSPICIOUS_MOVE = YES;
				CLANG_WARN_UNGUARDED_AVAILABILITY = YES_AGGRESSIVE;
				CLANG_WARN_UNREACHABLE_CODE = YES;
				CLANG_WARN__DUPLICATE_METHOD_MATCH = YES;
				CODE_SIGN_IDENTITY = "iPhone Developer";
				COPY_PHASE_STRIP = NO;
				CURRENT_PROJECT_VERSION = 1;
				DEBUG_INFORMATION_FORMAT = "dwarf-with-dsym";
				ENABLE_NS_ASSERTIONS = NO;
				ENABLE_STRICT_OBJC_MSGSEND = YES;
				GCC_C_LANGUAGE_STANDARD = gnu11;
				GCC_NO_COMMON_BLOCKS = YES;
				GCC_WARN_64_TO_32_BIT_CONVERSION = YES;
				GCC_WARN_ABOUT_RETURN_TYPE = YES_ERROR;
				GCC_WARN_UNDECLARED_SELECTOR = YES;
				GCC_WARN_UNINITIALIZED_AUTOS = YES_AGGRESSIVE;
				GCC_WARN_UNUSED_FUNCTION = YES;
				GCC_WARN_UNUSED_VARIABLE = YES;
				IPHONEOS_DEPLOYMENT_TARGET = 11.0;
				MTL_ENABLE_DEBUG_INFO = NO;
				SDKROOT = iphoneos;
				SWIFT_OPTIMIZATION_LEVEL = "-Owholemodule";
				SWIFT_VERSION = 5.0;
				VALIDATE_PRODUCT = YES;
				VERSIONING_SYSTEM = "apple-generic";
				VERSION_INFO_PREFIX = "";
			};
			name = Release;
		};
		A4553C7023C5D99100C49AC2 /* Debug */ = {
			isa = XCBuildConfiguration;
			buildSettings = {
				APPLICATION_EXTENSION_API_ONLY = NO;
				CLANG_ENABLE_MODULES = YES;
				CODE_SIGN_IDENTITY = "";
				CODE_SIGN_STYLE = Automatic;
				DEFINES_MODULE = YES;
				DEVELOPMENT_TEAM = 3CWSQGN6ET;
				DYLIB_COMPATIBILITY_VERSION = 1;
				DYLIB_CURRENT_VERSION = 1;
				DYLIB_INSTALL_NAME_BASE = "@rpath";
				INFOPLIST_FILE = BluetoothThing/Info.plist;
				INSTALL_PATH = "$(LOCAL_LIBRARY_DIR)/Frameworks";
				IPHONEOS_DEPLOYMENT_TARGET = 10.0;
				LD_RUNPATH_SEARCH_PATHS = "$(inherited) @executable_path/Frameworks @loader_path/Frameworks";
				PRODUCT_BUNDLE_IDENTIFIER = yip.antonio.BluetoothThing;
				PRODUCT_NAME = "$(TARGET_NAME:c99extidentifier)";
				SKIP_INSTALL = YES;
				SWIFT_OPTIMIZATION_LEVEL = "-Onone";
				SWIFT_VERSION = 5.0;
				TARGETED_DEVICE_FAMILY = "1,2";
			};
			name = Debug;
		};
		A4553C7123C5D99100C49AC2 /* Release */ = {
			isa = XCBuildConfiguration;
			buildSettings = {
				APPLICATION_EXTENSION_API_ONLY = NO;
				CLANG_ENABLE_MODULES = YES;
				CODE_SIGN_IDENTITY = "";
				CODE_SIGN_STYLE = Automatic;
				DEFINES_MODULE = YES;
				DEVELOPMENT_TEAM = 3CWSQGN6ET;
				DYLIB_COMPATIBILITY_VERSION = 1;
				DYLIB_CURRENT_VERSION = 1;
				DYLIB_INSTALL_NAME_BASE = "@rpath";
				INFOPLIST_FILE = BluetoothThing/Info.plist;
				INSTALL_PATH = "$(LOCAL_LIBRARY_DIR)/Frameworks";
				IPHONEOS_DEPLOYMENT_TARGET = 10.0;
				LD_RUNPATH_SEARCH_PATHS = "$(inherited) @executable_path/Frameworks @loader_path/Frameworks";
				PRODUCT_BUNDLE_IDENTIFIER = yip.antonio.BluetoothThing;
				PRODUCT_NAME = "$(TARGET_NAME:c99extidentifier)";
				SKIP_INSTALL = YES;
				SWIFT_VERSION = 5.0;
				TARGETED_DEVICE_FAMILY = "1,2";
			};
			name = Release;
		};
		A4553C7323C5D99100C49AC2 /* Debug */ = {
			isa = XCBuildConfiguration;
			buildSettings = {
				ALWAYS_EMBED_SWIFT_STANDARD_LIBRARIES = YES;
				CODE_SIGN_STYLE = Automatic;
				DEVELOPMENT_TEAM = 3CWSQGN6ET;
				INFOPLIST_FILE = BluetoothThingTests/Info.plist;
				LD_RUNPATH_SEARCH_PATHS = "$(inherited) @executable_path/Frameworks @loader_path/Frameworks";
				PRODUCT_BUNDLE_IDENTIFIER = yip.antonio.BluetoothThingTests;
				PRODUCT_NAME = "$(TARGET_NAME)";
				SWIFT_VERSION = 5.0;
				TARGETED_DEVICE_FAMILY = "1,2";
			};
			name = Debug;
		};
		A4553C7423C5D99100C49AC2 /* Release */ = {
			isa = XCBuildConfiguration;
			buildSettings = {
				ALWAYS_EMBED_SWIFT_STANDARD_LIBRARIES = YES;
				CODE_SIGN_STYLE = Automatic;
				DEVELOPMENT_TEAM = 3CWSQGN6ET;
				INFOPLIST_FILE = BluetoothThingTests/Info.plist;
				LD_RUNPATH_SEARCH_PATHS = "$(inherited) @executable_path/Frameworks @loader_path/Frameworks";
				PRODUCT_BUNDLE_IDENTIFIER = yip.antonio.BluetoothThingTests;
				PRODUCT_NAME = "$(TARGET_NAME)";
				SWIFT_VERSION = 5.0;
				TARGETED_DEVICE_FAMILY = "1,2";
			};
			name = Release;
		};
		A45F184B23DA8487004C5A52 /* Debug */ = {
			isa = XCBuildConfiguration;
			buildSettings = {
				APPLICATION_EXTENSION_API_ONLY = YES;
				CLANG_ENABLE_OBJC_WEAK = YES;
				CODE_SIGN_STYLE = Automatic;
				DEFINES_MODULE = YES;
				DEVELOPMENT_TEAM = H2J8ZAEJ56;
				DYLIB_COMPATIBILITY_VERSION = 1;
				DYLIB_CURRENT_VERSION = 1;
				DYLIB_INSTALL_NAME_BASE = "@rpath";
				INFOPLIST_FILE = BluetoothThingWatch/Info.plist;
				INSTALL_PATH = "$(LOCAL_LIBRARY_DIR)/Frameworks";
				LD_RUNPATH_SEARCH_PATHS = "$(inherited) @executable_path/Frameworks @loader_path/Frameworks";
				MTL_ENABLE_DEBUG_INFO = INCLUDE_SOURCE;
				MTL_FAST_MATH = YES;
				PRODUCT_BUNDLE_IDENTIFIER = yip.antonio.BluetoothThingWatch;
				PRODUCT_NAME = BluetoothThing;
				SDKROOT = watchos;
				SKIP_INSTALL = YES;
				SWIFT_VERSION = 5.0;
				TARGETED_DEVICE_FAMILY = 4;
				WATCHOS_DEPLOYMENT_TARGET = 3.0;
			};
			name = Debug;
		};
		A45F184C23DA8487004C5A52 /* Release */ = {
			isa = XCBuildConfiguration;
			buildSettings = {
				APPLICATION_EXTENSION_API_ONLY = YES;
				CLANG_ENABLE_OBJC_WEAK = YES;
				CODE_SIGN_STYLE = Automatic;
				DEFINES_MODULE = YES;
				DEVELOPMENT_TEAM = H2J8ZAEJ56;
				DYLIB_COMPATIBILITY_VERSION = 1;
				DYLIB_CURRENT_VERSION = 1;
				DYLIB_INSTALL_NAME_BASE = "@rpath";
				INFOPLIST_FILE = BluetoothThingWatch/Info.plist;
				INSTALL_PATH = "$(LOCAL_LIBRARY_DIR)/Frameworks";
				LD_RUNPATH_SEARCH_PATHS = "$(inherited) @executable_path/Frameworks @loader_path/Frameworks";
				MTL_FAST_MATH = YES;
				PRODUCT_BUNDLE_IDENTIFIER = yip.antonio.BluetoothThingWatch;
				PRODUCT_NAME = BluetoothThing;
				SDKROOT = watchos;
				SKIP_INSTALL = YES;
				SWIFT_VERSION = 5.0;
				TARGETED_DEVICE_FAMILY = 4;
				WATCHOS_DEPLOYMENT_TARGET = 3.0;
			};
			name = Release;
		};
/* End XCBuildConfiguration section */

/* Begin XCConfigurationList section */
		A4553C5523C5D99000C49AC2 /* Build configuration list for PBXProject "BluetoothThing" */ = {
			isa = XCConfigurationList;
			buildConfigurations = (
				A4553C6D23C5D99100C49AC2 /* Debug */,
				A4553C6E23C5D99100C49AC2 /* Release */,
			);
			defaultConfigurationIsVisible = 0;
			defaultConfigurationName = Release;
		};
		A4553C6F23C5D99100C49AC2 /* Build configuration list for PBXNativeTarget "BluetoothThing" */ = {
			isa = XCConfigurationList;
			buildConfigurations = (
				A4553C7023C5D99100C49AC2 /* Debug */,
				A4553C7123C5D99100C49AC2 /* Release */,
			);
			defaultConfigurationIsVisible = 0;
			defaultConfigurationName = Release;
		};
		A4553C7223C5D99100C49AC2 /* Build configuration list for PBXNativeTarget "BluetoothThingTests" */ = {
			isa = XCConfigurationList;
			buildConfigurations = (
				A4553C7323C5D99100C49AC2 /* Debug */,
				A4553C7423C5D99100C49AC2 /* Release */,
			);
			defaultConfigurationIsVisible = 0;
			defaultConfigurationName = Release;
		};
		A45F184A23DA8487004C5A52 /* Build configuration list for PBXNativeTarget "BluetoothThingWatch" */ = {
			isa = XCConfigurationList;
			buildConfigurations = (
				A45F184B23DA8487004C5A52 /* Debug */,
				A45F184C23DA8487004C5A52 /* Release */,
			);
			defaultConfigurationIsVisible = 0;
			defaultConfigurationName = Release;
		};
/* End XCConfigurationList section */

/* Begin XCVersionGroup section */
		A4A16EA92407CA6F002358FF /* BTModel.xcdatamodeld */ = {
			isa = XCVersionGroup;
			children = (
				A4A16EAA2407CA6F002358FF /* Model.xcdatamodel */,
			);
			currentVersion = A4A16EAA2407CA6F002358FF /* Model.xcdatamodel */;
			path = BTModel.xcdatamodeld;
			sourceTree = "<group>";
			versionGroupType = wrapper.xcdatamodel;
		};
/* End XCVersionGroup section */
	};
	rootObject = A4553C5223C5D99000C49AC2 /* Project object */;
}
